
Microsoft Visual Studio Solution File, Format Version 12.00
# Visual Studio Version 17
VisualStudioVersion = 17.7.34221.43
MinimumVisualStudioVersion = 10.0.40219.1
Project("{FAE04EC0-301F-11D3-BF4B-00C04F79EFBC}") = "PlayerText2", "PlayerText2\PlayerText2.csproj", "{567B04FD-F5BF-44D3-916D-30A08C165E37}"
EndProject
Global
	GlobalSection(SolutionConfigurationPlatforms) = preSolution
		Debug|Any CPU = Debug|Any CPU
		Release|Any CPU = Release|Any CPU
	EndGlobalSection
	GlobalSection(ProjectConfigurationPlatforms) = postSolution
		{567B04FD-F5BF-44D3-916D-30A08C165E37}.Debug|Any CPU.ActiveCfg = Debug|Any CPU
		{567B04FD-F5BF-44D3-916D-30A08C165E37}.Debug|Any CPU.Build.0 = Debug|Any CPU
		{567B04FD-F5BF-44D3-916D-30A08C165E37}.Release|Any CPU.ActiveCfg = Release|Any CPU
		{567B04FD-F5BF-44D3-916D-30A08C165E37}.Release|Any CPU.Build.0 = Release|Any CPU
	EndGlobalSection
	GlobalSection(SolutionProperties) = preSolution
		HideSolutionNode = FALSE
	EndGlobalSection
	GlobalSection(ExtensibilityGlobals) = postSolution
		SolutionGuid = {DBE3A9D2-0D29-4400-8439-34C8EB77358A}
	EndGlobalSection
EndGlobal
